
Microsoft Visual Studio Solution File, Format Version 12.00
# Visual Studio 14
VisualStudioVersion = 14.0.23107.0
MinimumVisualStudioVersion = 10.0.40219.1
Project("{FAE04EC0-301F-11D3-BF4B-00C04F79EFBC}") = "NtrSharp", "NtrSharp\NtrSharp.csproj", "{407D1F7A-1AB1-4C4A-BD7F-EE94BDBA7C79}"
EndProject
Project("{FAE04EC0-301F-11D3-BF4B-00C04F79EFBC}") = "NtrTest", "NtrTest\NtrTest.csproj", "{CEA6F292-B55E-4C64-9899-D6D364584DF9}"
EndProject
Project("{FAE04EC0-301F-11D3-BF4B-00C04F79EFBC}") = "NtrClient", "NtrClient\NtrClient.csproj", "{2D93EFEC-BDFF-4483-89F4-68FFFB283138}"
EndProject
Global
	GlobalSection(SolutionConfigurationPlatforms) = preSolution
		Debug|Any CPU = Debug|Any CPU
		Release|Any CPU = Release|Any CPU
	EndGlobalSection
	GlobalSection(ProjectConfigurationPlatforms) = postSolution
		{407D1F7A-1AB1-4C4A-BD7F-EE94BDBA7C79}.Debug|Any CPU.ActiveCfg = Debug|Any CPU
		{407D1F7A-1AB1-4C4A-BD7F-EE94BDBA7C79}.Debug|Any CPU.Build.0 = Debug|Any CPU
		{407D1F7A-1AB1-4C4A-BD7F-EE94BDBA7C79}.Release|Any CPU.ActiveCfg = Release|Any CPU
		{407D1F7A-1AB1-4C4A-BD7F-EE94BDBA7C79}.Release|Any CPU.Build.0 = Release|Any CPU
		{CEA6F292-B55E-4C64-9899-D6D364584DF9}.Debug|Any CPU.ActiveCfg = Debug|Any CPU
		{CEA6F292-B55E-4C64-9899-D6D364584DF9}.Debug|Any CPU.Build.0 = Debug|Any CPU
		{CEA6F292-B55E-4C64-9899-D6D364584DF9}.Release|Any CPU.ActiveCfg = Release|Any CPU
		{CEA6F292-B55E-4C64-9899-D6D364584DF9}.Release|Any CPU.Build.0 = Release|Any CPU
		{2D93EFEC-BDFF-4483-89F4-68FFFB283138}.Debug|Any CPU.ActiveCfg = Debug|Any CPU
		{2D93EFEC-BDFF-4483-89F4-68FFFB283138}.Debug|Any CPU.Build.0 = Debug|Any CPU
		{2D93EFEC-BDFF-4483-89F4-68FFFB283138}.Release|Any CPU.ActiveCfg = Release|Any CPU
		{2D93EFEC-BDFF-4483-89F4-68FFFB283138}.Release|Any CPU.Build.0 = Release|Any CPU
	EndGlobalSection
	GlobalSection(SolutionProperties) = preSolution
		HideSolutionNode = FALSE
	EndGlobalSection
EndGlobal
